
Microsoft Visual Studio Solution File, Format Version 12.00
# Visual Studio 15
VisualStudioVersion = 15.0.27130.2010
MinimumVisualStudioVersion = 10.0.40219.1
Project("{FAE04EC0-301F-11D3-BF4B-00C04F79EFBC}") = "CodingInterview", "CodingInterview\CodingInterview.csproj", "{D451E2AF-6717-474B-8158-7B3353B4F923}"
EndProject
Global
	GlobalSection(SolutionConfigurationPlatforms) = preSolution
		Debug|Any CPU = Debug|Any CPU
		Release|Any CPU = Release|Any CPU
	EndGlobalSection
	GlobalSection(ProjectConfigurationPlatforms) = postSolution
		{D451E2AF-6717-474B-8158-7B3353B4F923}.Debug|Any CPU.ActiveCfg = Debug|Any CPU
		{D451E2AF-6717-474B-8158-7B3353B4F923}.Debug|Any CPU.Build.0 = Debug|Any CPU
		{D451E2AF-6717-474B-8158-7B3353B4F923}.Release|Any CPU.ActiveCfg = Release|Any CPU
		{D451E2AF-6717-474B-8158-7B3353B4F923}.Release|Any CPU.Build.0 = Release|Any CPU
	EndGlobalSection
	GlobalSection(SolutionProperties) = preSolution
		HideSolutionNode = FALSE
	EndGlobalSection
	GlobalSection(ExtensibilityGlobals) = postSolution
		SolutionGuid = {A393A5E1-452C-4F6F-81E5-8172EDC4BCF4}
	EndGlobalSection
EndGlobal
