
Microsoft Visual Studio Solution File, Format Version 12.00
# Visual Studio Version 17
VisualStudioVersion = 17.0.31903.59
MinimumVisualStudioVersion = 10.0.40219.1
Project("{FAE04EC0-301F-11D3-BF4B-00C04F79EFBC}") = "App.Seed", "App.Seed\App.Seed.csproj", "{FD9C81C5-4BF7-4EF2-8D1F-CF082FBAD57E}"
EndProject
Project("{FAE04EC0-301F-11D3-BF4B-00C04F79EFBC}") = "App.Demo", "App.Demo\App.Demo.csproj", "{396B299A-9555-4224-B830-FFF8A4CF6319}"
EndProject
Global
	GlobalSection(SolutionConfigurationPlatforms) = preSolution
		Debug|Any CPU = Debug|Any CPU
		Release|Any CPU = Release|Any CPU
	EndGlobalSection
	GlobalSection(SolutionProperties) = preSolution
		HideSolutionNode = FALSE
	EndGlobalSection
	GlobalSection(ProjectConfigurationPlatforms) = postSolution
		{FD9C81C5-4BF7-4EF2-8D1F-CF082FBAD57E}.Debug|Any CPU.ActiveCfg = Debug|Any CPU
		{FD9C81C5-4BF7-4EF2-8D1F-CF082FBAD57E}.Debug|Any CPU.Build.0 = Debug|Any CPU
		{FD9C81C5-4BF7-4EF2-8D1F-CF082FBAD57E}.Release|Any CPU.ActiveCfg = Release|Any CPU
		{FD9C81C5-4BF7-4EF2-8D1F-CF082FBAD57E}.Release|Any CPU.Build.0 = Release|Any CPU
		{396B299A-9555-4224-B830-FFF8A4CF6319}.Debug|Any CPU.ActiveCfg = Debug|Any CPU
		{396B299A-9555-4224-B830-FFF8A4CF6319}.Debug|Any CPU.Build.0 = Debug|Any CPU
		{396B299A-9555-4224-B830-FFF8A4CF6319}.Release|Any CPU.ActiveCfg = Release|Any CPU
		{396B299A-9555-4224-B830-FFF8A4CF6319}.Release|Any CPU.Build.0 = Release|Any CPU
	EndGlobalSection
EndGlobal
