Microsoft Visual Studio Solution File, Format Version 12.00
# Visual Studio Version 17
VisualStudioVersion = 17.2.32602.215
MinimumVisualStudioVersion = 10.0.40219.1
Project("{9A19103F-16F7-4668-BE54-9A1E7A4F7556}") = "TalkExamples", "ClassLibrary1\TalkExamples.csproj", "{D4BA5F80-6DA9-48B9-96A3-24CA48E34E82}"
EndProject
Project("{9A19103F-16F7-4668-BE54-9A1E7A4F7556}") = "TalkExamplesTest", "TalkExamplesTest\TalkExamplesTest.csproj", "{FD4F085A-B30A-440D-B808-30CF0F2F513D}"
EndProject
Project("{9A19103F-16F7-4668-BE54-9A1E7A4F7556}") = "WebApplication3_1", "WebApplication3_1\WebApplication3_1.csproj", "{C5A2F1A4-B6A3-42CF-90CE-848FB866F721}"
EndProject
Project("{9A19103F-16F7-4668-BE54-9A1E7A4F7556}") = "Web3_1", "Web3_1\Web3_1.csproj", "{D6779F8F-8FB0-4C91-80A8-7D0B5C633165}"
EndProject
Project("{9A19103F-16F7-4668-BE54-9A1E7A4F7556}") = "GeneralResources", "GeneralResources\GeneralResources.csproj", "{974DDA22-B8BD-471C-AF22-D0483EDBAD48}"
EndProject
Project("{FAE04EC0-301F-11D3-BF4B-00C04F79EFBC}") = "ConsoleExecution", "ConsoleExecution\ConsoleExecution.csproj", "{79707DD0-2901-4903-86FF-2BE52AC34960}"
EndProject
Global
	GlobalSection(SolutionConfigurationPlatforms) = preSolution
		Debug|Any CPU = Debug|Any CPU
		Release|Any CPU = Release|Any CPU
	EndGlobalSection
	GlobalSection(ProjectConfigurationPlatforms) = postSolution
		{D4BA5F80-6DA9-48B9-96A3-24CA48E34E82}.Debug|Any CPU.ActiveCfg = Debug|Any CPU
		{D4BA5F80-6DA9-48B9-96A3-24CA48E34E82}.Debug|Any CPU.Build.0 = Debug|Any CPU
		{D4BA5F80-6DA9-48B9-96A3-24CA48E34E82}.Release|Any CPU.ActiveCfg = Release|Any CPU
		{D4BA5F80-6DA9-48B9-96A3-24CA48E34E82}.Release|Any CPU.Build.0 = Release|Any CPU
		{FD4F085A-B30A-440D-B808-30CF0F2F513D}.Debug|Any CPU.ActiveCfg = Debug|Any CPU
		{FD4F085A-B30A-440D-B808-30CF0F2F513D}.Debug|Any CPU.Build.0 = Debug|Any CPU
		{FD4F085A-B30A-440D-B808-30CF0F2F513D}.Release|Any CPU.ActiveCfg = Release|Any CPU
		{FD4F085A-B30A-440D-B808-30CF0F2F513D}.Release|Any CPU.Build.0 = Release|Any CPU
		{C5A2F1A4-B6A3-42CF-90CE-848FB866F721}.Debug|Any CPU.ActiveCfg = Debug|Any CPU
		{C5A2F1A4-B6A3-42CF-90CE-848FB866F721}.Debug|Any CPU.Build.0 = Debug|Any CPU
		{C5A2F1A4-B6A3-42CF-90CE-848FB866F721}.Release|Any CPU.ActiveCfg = Release|Any CPU
		{C5A2F1A4-B6A3-42CF-90CE-848FB866F721}.Release|Any CPU.Build.0 = Release|Any CPU
		{D6779F8F-8FB0-4C91-80A8-7D0B5C633165}.Debug|Any CPU.ActiveCfg = Debug|Any CPU
		{D6779F8F-8FB0-4C91-80A8-7D0B5C633165}.Debug|Any CPU.Build.0 = Debug|Any CPU
		{D6779F8F-8FB0-4C91-80A8-7D0B5C633165}.Release|Any CPU.ActiveCfg = Release|Any CPU
		{D6779F8F-8FB0-4C91-80A8-7D0B5C633165}.Release|Any CPU.Build.0 = Release|Any CPU
		{974DDA22-B8BD-471C-AF22-D0483EDBAD48}.Debug|Any CPU.ActiveCfg = Debug|Any CPU
		{974DDA22-B8BD-471C-AF22-D0483EDBAD48}.Debug|Any CPU.Build.0 = Debug|Any CPU
		{974DDA22-B8BD-471C-AF22-D0483EDBAD48}.Release|Any CPU.ActiveCfg = Release|Any CPU
		{974DDA22-B8BD-471C-AF22-D0483EDBAD48}.Release|Any CPU.Build.0 = Release|Any CPU
		{79707DD0-2901-4903-86FF-2BE52AC34960}.Debug|Any CPU.ActiveCfg = Debug|Any CPU
		{79707DD0-2901-4903-86FF-2BE52AC34960}.Debug|Any CPU.Build.0 = Debug|Any CPU
		{79707DD0-2901-4903-86FF-2BE52AC34960}.Release|Any CPU.ActiveCfg = Release|Any CPU
		{79707DD0-2901-4903-86FF-2BE52AC34960}.Release|Any CPU.Build.0 = Release|Any CPU
	EndGlobalSection
	GlobalSection(SolutionProperties) = preSolution
		HideSolutionNode = FALSE
	EndGlobalSection
	GlobalSection(ExtensibilityGlobals) = postSolution
		SolutionGuid = {CCE99A7A-C3D2-45EA-B6E5-3569F4811E1B}
	EndGlobalSection
EndGlobal
