
Microsoft Visual Studio Solution File, Format Version 12.00
# Visual Studio 15
Project("{FAE04EC0-301F-11D3-BF4B-00C04F79EFBC}") = "DelegatesAndEvents", "DelegatesAndEvents\DelegatesAndEvents.csproj", "{8903BF29-7BFF-47DF-A34F-2C8E916C64E3}"
EndProject
Global
	GlobalSection(SolutionConfigurationPlatforms) = preSolution
		Debug|Any CPU = Debug|Any CPU
		Release|Any CPU = Release|Any CPU
	EndGlobalSection
	GlobalSection(ProjectConfigurationPlatforms) = postSolution
		{8903BF29-7BFF-47DF-A34F-2C8E916C64E3}.Debug|Any CPU.ActiveCfg = Debug|Any CPU
		{8903BF29-7BFF-47DF-A34F-2C8E916C64E3}.Debug|Any CPU.Build.0 = Debug|Any CPU
		{8903BF29-7BFF-47DF-A34F-2C8E916C64E3}.Release|Any CPU.ActiveCfg = Release|Any CPU
		{8903BF29-7BFF-47DF-A34F-2C8E916C64E3}.Release|Any CPU.Build.0 = Release|Any CPU
	EndGlobalSection
EndGlobal
