
Microsoft Visual Studio Solution File, Format Version 12.00
# Visual Studio 15
VisualStudioVersion = 15.0.26124.0
MinimumVisualStudioVersion = 15.0.26124.0
Project("{FAE04EC0-301F-11D3-BF4B-00C04F79EFBC}") = "PaymentContext.Domain", "PaymentContext.Domain\PaymentContext.Domain.csproj", "{C0183C1B-06AB-404C-BB32-C107F1FB9F15}"
EndProject
Project("{FAE04EC0-301F-11D3-BF4B-00C04F79EFBC}") = "PaymentContext.Shared", "PaymentContext.Shared\PaymentContext.Shared.csproj", "{94E5DE52-1BB1-4DE4-B5AB-1DA96BDBE73F}"
EndProject
Project("{FAE04EC0-301F-11D3-BF4B-00C04F79EFBC}") = "PaymentContext.Tests", "PaymentContext.Tests\PaymentContext.Tests.csproj", "{C83F2ED5-1BBA-4CC3-B996-FF5748857241}"
EndProject
Global
	GlobalSection(SolutionConfigurationPlatforms) = preSolution
		Debug|Any CPU = Debug|Any CPU
		Debug|x64 = Debug|x64
		Debug|x86 = Debug|x86
		Release|Any CPU = Release|Any CPU
		Release|x64 = Release|x64
		Release|x86 = Release|x86
	EndGlobalSection
	GlobalSection(SolutionProperties) = preSolution
		HideSolutionNode = FALSE
	EndGlobalSection
	GlobalSection(ProjectConfigurationPlatforms) = postSolution
		{C0183C1B-06AB-404C-BB32-C107F1FB9F15}.Debug|Any CPU.ActiveCfg = Debug|Any CPU
		{C0183C1B-06AB-404C-BB32-C107F1FB9F15}.Debug|Any CPU.Build.0 = Debug|Any CPU
		{C0183C1B-06AB-404C-BB32-C107F1FB9F15}.Debug|x64.ActiveCfg = Debug|Any CPU
		{C0183C1B-06AB-404C-BB32-C107F1FB9F15}.Debug|x64.Build.0 = Debug|Any CPU
		{C0183C1B-06AB-404C-BB32-C107F1FB9F15}.Debug|x86.ActiveCfg = Debug|Any CPU
		{C0183C1B-06AB-404C-BB32-C107F1FB9F15}.Debug|x86.Build.0 = Debug|Any CPU
		{C0183C1B-06AB-404C-BB32-C107F1FB9F15}.Release|Any CPU.ActiveCfg = Release|Any CPU
		{C0183C1B-06AB-404C-BB32-C107F1FB9F15}.Release|Any CPU.Build.0 = Release|Any CPU
		{C0183C1B-06AB-404C-BB32-C107F1FB9F15}.Release|x64.ActiveCfg = Release|Any CPU
		{C0183C1B-06AB-404C-BB32-C107F1FB9F15}.Release|x64.Build.0 = Release|Any CPU
		{C0183C1B-06AB-404C-BB32-C107F1FB9F15}.Release|x86.ActiveCfg = Release|Any CPU
		{C0183C1B-06AB-404C-BB32-C107F1FB9F15}.Release|x86.Build.0 = Release|Any CPU
		{94E5DE52-1BB1-4DE4-B5AB-1DA96BDBE73F}.Debug|Any CPU.ActiveCfg = Debug|Any CPU
		{94E5DE52-1BB1-4DE4-B5AB-1DA96BDBE73F}.Debug|Any CPU.Build.0 = Debug|Any CPU
		{94E5DE52-1BB1-4DE4-B5AB-1DA96BDBE73F}.Debug|x64.ActiveCfg = Debug|Any CPU
		{94E5DE52-1BB1-4DE4-B5AB-1DA96BDBE73F}.Debug|x64.Build.0 = Debug|Any CPU
		{94E5DE52-1BB1-4DE4-B5AB-1DA96BDBE73F}.Debug|x86.ActiveCfg = Debug|Any CPU
		{94E5DE52-1BB1-4DE4-B5AB-1DA96BDBE73F}.Debug|x86.Build.0 = Debug|Any CPU
		{94E5DE52-1BB1-4DE4-B5AB-1DA96BDBE73F}.Release|Any CPU.ActiveCfg = Release|Any CPU
		{94E5DE52-1BB1-4DE4-B5AB-1DA96BDBE73F}.Release|Any CPU.Build.0 = Release|Any CPU
		{94E5DE52-1BB1-4DE4-B5AB-1DA96BDBE73F}.Release|x64.ActiveCfg = Release|Any CPU
		{94E5DE52-1BB1-4DE4-B5AB-1DA96BDBE73F}.Release|x64.Build.0 = Release|Any CPU
		{94E5DE52-1BB1-4DE4-B5AB-1DA96BDBE73F}.Release|x86.ActiveCfg = Release|Any CPU
		{94E5DE52-1BB1-4DE4-B5AB-1DA96BDBE73F}.Release|x86.Build.0 = Release|Any CPU
		{C83F2ED5-1BBA-4CC3-B996-FF5748857241}.Debug|Any CPU.ActiveCfg = Debug|Any CPU
		{C83F2ED5-1BBA-4CC3-B996-FF5748857241}.Debug|Any CPU.Build.0 = Debug|Any CPU
		{C83F2ED5-1BBA-4CC3-B996-FF5748857241}.Debug|x64.ActiveCfg = Debug|Any CPU
		{C83F2ED5-1BBA-4CC3-B996-FF5748857241}.Debug|x64.Build.0 = Debug|Any CPU
		{C83F2ED5-1BBA-4CC3-B996-FF5748857241}.Debug|x86.ActiveCfg = Debug|Any CPU
		{C83F2ED5-1BBA-4CC3-B996-FF5748857241}.Debug|x86.Build.0 = Debug|Any CPU
		{C83F2ED5-1BBA-4CC3-B996-FF5748857241}.Release|Any CPU.ActiveCfg = Release|Any CPU
		{C83F2ED5-1BBA-4CC3-B996-FF5748857241}.Release|Any CPU.Build.0 = Release|Any CPU
		{C83F2ED5-1BBA-4CC3-B996-FF5748857241}.Release|x64.ActiveCfg = Release|Any CPU
		{C83F2ED5-1BBA-4CC3-B996-FF5748857241}.Release|x64.Build.0 = Release|Any CPU
		{C83F2ED5-1BBA-4CC3-B996-FF5748857241}.Release|x86.ActiveCfg = Release|Any CPU
		{C83F2ED5-1BBA-4CC3-B996-FF5748857241}.Release|x86.Build.0 = Release|Any CPU
	EndGlobalSection
EndGlobal
