
Microsoft Visual Studio Solution File, Format Version 12.00
# Visual Studio 15
VisualStudioVersion = 15.0.27130.2010
MinimumVisualStudioVersion = 10.0.40219.1
Project("{FAE04EC0-301F-11D3-BF4B-00C04F79EFBC}") = "RecursiveLab", "RecursiveLab\RecursiveLab.csproj", "{DB6FEE53-AF5F-49EC-A105-13594955C1C9}"
EndProject
Global
	GlobalSection(SolutionConfigurationPlatforms) = preSolution
		Debug|Any CPU = Debug|Any CPU
		Release|Any CPU = Release|Any CPU
	EndGlobalSection
	GlobalSection(ProjectConfigurationPlatforms) = postSolution
		{DB6FEE53-AF5F-49EC-A105-13594955C1C9}.Debug|Any CPU.ActiveCfg = Debug|Any CPU
		{DB6FEE53-AF5F-49EC-A105-13594955C1C9}.Debug|Any CPU.Build.0 = Debug|Any CPU
		{DB6FEE53-AF5F-49EC-A105-13594955C1C9}.Release|Any CPU.ActiveCfg = Release|Any CPU
		{DB6FEE53-AF5F-49EC-A105-13594955C1C9}.Release|Any CPU.Build.0 = Release|Any CPU
	EndGlobalSection
	GlobalSection(SolutionProperties) = preSolution
		HideSolutionNode = FALSE
	EndGlobalSection
	GlobalSection(ExtensibilityGlobals) = postSolution
		SolutionGuid = {CCE6A26B-C8F6-49FD-96A9-8936F34F986E}
	EndGlobalSection
EndGlobal
