Microsoft Visual Studio Solution File, Format Version 12.00
# Visual Studio Version 17
VisualStudioVersion = 17.5.2.0
MinimumVisualStudioVersion = 10.0.40219.1
Project("{FAE04EC0-301F-11D3-BF4B-00C04F79EFBC}") = "IMBD", "IMBD.csproj", "{8C7CB537-88A6-ACDA-1809-4D1ED3D5268B}"
EndProject
Global
	GlobalSection(SolutionConfigurationPlatforms) = preSolution
		Debug|Any CPU = Debug|Any CPU
		Release|Any CPU = Release|Any CPU
	EndGlobalSection
	GlobalSection(ProjectConfigurationPlatforms) = postSolution
		{8C7CB537-88A6-ACDA-1809-4D1ED3D5268B}.Debug|Any CPU.ActiveCfg = Debug|Any CPU
		{8C7CB537-88A6-ACDA-1809-4D1ED3D5268B}.Debug|Any CPU.Build.0 = Debug|Any CPU
		{8C7CB537-88A6-ACDA-1809-4D1ED3D5268B}.Release|Any CPU.ActiveCfg = Release|Any CPU
		{8C7CB537-88A6-ACDA-1809-4D1ED3D5268B}.Release|Any CPU.Build.0 = Release|Any CPU
	EndGlobalSection
	GlobalSection(SolutionProperties) = preSolution
		HideSolutionNode = FALSE
	EndGlobalSection
	GlobalSection(ExtensibilityGlobals) = postSolution
		SolutionGuid = {97754E5E-E1FC-4B9F-B01C-29DC19224251}
	EndGlobalSection
EndGlobal
